// !$*UTF8*$!
{
	archiveVersion = 1;
	classes = {
	};
	objectVersion = 48;
	objects = {

/* Begin PBXBuildFile section */
		5930DB831FC86A97001CF78D /* LookingHotelsVc.swift in Sources */ = {isa = PBXBuildFile; fileRef = 5930DB821FC86A97001CF78D /* LookingHotelsVc.swift */; };
		5930DB871FC86B11001CF78D /* RoomsVC.swift in Sources */ = {isa = PBXBuildFile; fileRef = 5930DB861FC86B11001CF78D /* RoomsVC.swift */; };
		5930DB891FC86B6D001CF78D /* CheckIn-OutVC.swift in Sources */ = {isa = PBXBuildFile; fileRef = 5930DB881FC86B6D001CF78D /* CheckIn-OutVC.swift */; };
		5930DB8B1FC870AD001CF78D /* RoomsTblVwCell.swift in Sources */ = {isa = PBXBuildFile; fileRef = 5930DB8A1FC870AD001CF78D /* RoomsTblVwCell.swift */; };
		5930DB8D1FC88634001CF78D /* AddRoomTblVwCell.swift in Sources */ = {isa = PBXBuildFile; fileRef = 5930DB8C1FC88634001CF78D /* AddRoomTblVwCell.swift */; };
		5930DB8F1FC8B518001CF78D /* RoomDetails.swift in Sources */ = {isa = PBXBuildFile; fileRef = 5930DB8E1FC8B518001CF78D /* RoomDetails.swift */; };
		594D60151FC9DBCF00A13533 /* DestinationVC.swift in Sources */ = {isa = PBXBuildFile; fileRef = 594D60141FC9DBCF00A13533 /* DestinationVC.swift */; };
		59A504141FCD43200052FAC3 /* CustomImageCollectionCell.swift in Sources */ = {isa = PBXBuildFile; fileRef = 59A504131FCD43200052FAC3 /* CustomImageCollectionCell.swift */; };
		59A5041A1FCD8B3A0052FAC3 /* CustomLayOutCVL.swift in Sources */ = {isa = PBXBuildFile; fileRef = 59A504191FCD8B3A0052FAC3 /* CustomLayOutCVL.swift */; };
		59B6417A1FC84486002C0940 /* AppDelegate.swift in Sources */ = {isa = PBXBuildFile; fileRef = 59B641791FC84486002C0940 /* AppDelegate.swift */; };
		59B6417C1FC84486002C0940 /* ViewController.swift in Sources */ = {isa = PBXBuildFile; fileRef = 59B6417B1FC84486002C0940 /* ViewController.swift */; };
		59B6417F1FC84486002C0940 /* Main.storyboard in Resources */ = {isa = PBXBuildFile; fileRef = 59B6417D1FC84486002C0940 /* Main.storyboard */; };
		59B641821FC84486002C0940 /* In50hrsProject.xcdatamodeld in Sources */ = {isa = PBXBuildFile; fileRef = 59B641801FC84486002C0940 /* In50hrsProject.xcdatamodeld */; };
		59B641841FC84486002C0940 /* Assets.xcassets in Resources */ = {isa = PBXBuildFile; fileRef = 59B641831FC84486002C0940 /* Assets.xcassets */; };
		59B641871FC84486002C0940 /* LaunchScreen.storyboard in Resources */ = {isa = PBXBuildFile; fileRef = 59B641851FC84486002C0940 /* LaunchScreen.storyboard */; };
		59B641921FC84486002C0940 /* In50hrsProjectTests.swift in Sources */ = {isa = PBXBuildFile; fileRef = 59B641911FC84486002C0940 /* In50hrsProjectTests.swift */; };
		B493067D34757F87039AE867 /* Pods_In50hrsProject.framework in Frameworks */ = {isa = PBXBuildFile; fileRef = 0337E5F1FFC2B8AE95761D84 /* Pods_In50hrsProject.framework */; };
		E5D6B09A3EB7ECB5A994646F /* Pods_In50hrsProjectTests.framework in Frameworks */ = {isa = PBXBuildFile; fileRef = F278792391FF0791872DFF67 /* Pods_In50hrsProjectTests.framework */; };
/* End PBXBuildFile section */

/* Begin PBXContainerItemProxy section */
		59B6418E1FC84486002C0940 /* PBXContainerItemProxy */ = {
			isa = PBXContainerItemProxy;
			containerPortal = 59B6416E1FC84486002C0940 /* Project object */;
			proxyType = 1;
			remoteGlobalIDString = 59B641751FC84486002C0940;
			remoteInfo = In50hrsProject;
		};
/* End PBXContainerItemProxy section */

/* Begin PBXFileReference section */
		0337E5F1FFC2B8AE95761D84 /* Pods_In50hrsProject.framework */ = {isa = PBXFileReference; explicitFileType = wrapper.framework; includeInIndex = 0; path = Pods_In50hrsProject.framework; sourceTree = BUILT_PRODUCTS_DIR; };
		138354968C8E8B08BED927B2 /* Pods-In50hrsProject.debug.xcconfig */ = {isa = PBXFileReference; includeInIndex = 1; lastKnownFileType = text.xcconfig; name = "Pods-In50hrsProject.debug.xcconfig"; path = "Pods/Target Support Files/Pods-In50hrsProject/Pods-In50hrsProject.debug.xcconfig"; sourceTree = "<group>"; };
		489CC0970DDD0C5AEF0ACF7E /* Pods-In50hrsProject.release.xcconfig */ = {isa = PBXFileReference; includeInIndex = 1; lastKnownFileType = text.xcconfig; name = "Pods-In50hrsProject.release.xcconfig"; path = "Pods/Target Support Files/Pods-In50hrsProject/Pods-In50hrsProject.release.xcconfig"; sourceTree = "<group>"; };
		5930DB821FC86A97001CF78D /* LookingHotelsVc.swift */ = {isa = PBXFileReference; lastKnownFileType = sourcecode.swift; path = LookingHotelsVc.swift; sourceTree = "<group>"; };
		5930DB861FC86B11001CF78D /* RoomsVC.swift */ = {isa = PBXFileReference; lastKnownFileType = sourcecode.swift; path = RoomsVC.swift; sourceTree = "<group>"; };
		5930DB881FC86B6D001CF78D /* CheckIn-OutVC.swift */ = {isa = PBXFileReference; lastKnownFileType = sourcecode.swift; path = "CheckIn-OutVC.swift"; sourceTree = "<group>"; };
		5930DB8A1FC870AD001CF78D /* RoomsTblVwCell.swift */ = {isa = PBXFileReference; lastKnownFileType = sourcecode.swift; path = RoomsTblVwCell.swift; sourceTree = "<group>"; };
		5930DB8C1FC88634001CF78D /* AddRoomTblVwCell.swift */ = {isa = PBXFileReference; lastKnownFileType = sourcecode.swift; path = AddRoomTblVwCell.swift; sourceTree = "<group>"; };
		5930DB8E1FC8B518001CF78D /* RoomDetails.swift */ = {isa = PBXFileReference; lastKnownFileType = sourcecode.swift; path = RoomDetails.swift; sourceTree = "<group>"; };
		594D60141FC9DBCF00A13533 /* DestinationVC.swift */ = {isa = PBXFileReference; lastKnownFileType = sourcecode.swift; path = DestinationVC.swift; sourceTree = "<group>"; };
		59A504131FCD43200052FAC3 /* CustomImageCollectionCell.swift */ = {isa = PBXFileReference; lastKnownFileType = sourcecode.swift; path = CustomImageCollectionCell.swift; sourceTree = "<group>"; };
		59A504191FCD8B3A0052FAC3 /* CustomLayOutCVL.swift */ = {isa = PBXFileReference; lastKnownFileType = sourcecode.swift; path = CustomLayOutCVL.swift; sourceTree = "<group>"; };
		59B641761FC84486002C0940 /* In50hrsProject.app */ = {isa = PBXFileReference; explicitFileType = wrapper.application; includeInIndex = 0; path = In50hrsProject.app; sourceTree = BUILT_PRODUCTS_DIR; };
		59B641791FC84486002C0940 /* AppDelegate.swift */ = {isa = PBXFileReference; lastKnownFileType = sourcecode.swift; path = AppDelegate.swift; sourceTree = "<group>"; };
		59B6417B1FC84486002C0940 /* ViewController.swift */ = {isa = PBXFileReference; lastKnownFileType = sourcecode.swift; path = ViewController.swift; sourceTree = "<group>"; };
		59B6417E1FC84486002C0940 /* Base */ = {isa = PBXFileReference; lastKnownFileType = file.storyboard; name = Base; path = Base.lproj/Main.storyboard; sourceTree = "<group>"; };
		59B641811FC84486002C0940 /* In50hrsProject.xcdatamodel */ = {isa = PBXFileReference; lastKnownFileType = wrapper.xcdatamodel; path = In50hrsProject.xcdatamodel; sourceTree = "<group>"; };
		59B641831FC84486002C0940 /* Assets.xcassets */ = {isa = PBXFileReference; lastKnownFileType = folder.assetcatalog; path = Assets.xcassets; sourceTree = "<group>"; };
		59B641861FC84486002C0940 /* Base */ = {isa = PBXFileReference; lastKnownFileType = file.storyboard; name = Base; path = Base.lproj/LaunchScreen.storyboard; sourceTree = "<group>"; };
		59B641881FC84486002C0940 /* Info.plist */ = {isa = PBXFileReference; lastKnownFileType = text.plist.xml; path = Info.plist; sourceTree = "<group>"; };
		59B6418D1FC84486002C0940 /* In50hrsProjectTests.xctest */ = {isa = PBXFileReference; explicitFileType = wrapper.cfbundle; includeInIndex = 0; path = In50hrsProjectTests.xctest; sourceTree = BUILT_PRODUCTS_DIR; };
		59B641911FC84486002C0940 /* In50hrsProjectTests.swift */ = {isa = PBXFileReference; lastKnownFileType = sourcecode.swift; path = In50hrsProjectTests.swift; sourceTree = "<group>"; };
		59B641931FC84486002C0940 /* Info.plist */ = {isa = PBXFileReference; lastKnownFileType = text.plist.xml; path = Info.plist; sourceTree = "<group>"; };
		5A23AC717A952CF6F1F95DEA /* Pods-In50hrsProjectTests.debug.xcconfig */ = {isa = PBXFileReference; includeInIndex = 1; lastKnownFileType = text.xcconfig; name = "Pods-In50hrsProjectTests.debug.xcconfig"; path = "Pods/Target Support Files/Pods-In50hrsProjectTests/Pods-In50hrsProjectTests.debug.xcconfig"; sourceTree = "<group>"; };
		94E1DC4E32C9DEF456F73C03 /* Pods-In50hrsProjectTests.release.xcconfig */ = {isa = PBXFileReference; includeInIndex = 1; lastKnownFileType = text.xcconfig; name = "Pods-In50hrsProjectTests.release.xcconfig"; path = "Pods/Target Support Files/Pods-In50hrsProjectTests/Pods-In50hrsProjectTests.release.xcconfig"; sourceTree = "<group>"; };
		F278792391FF0791872DFF67 /* Pods_In50hrsProjectTests.framework */ = {isa = PBXFileReference; explicitFileType = wrapper.framework; includeInIndex = 0; path = Pods_In50hrsProjectTests.framework; sourceTree = BUILT_PRODUCTS_DIR; };
/* End PBXFileReference section */

/* Begin PBXFrameworksBuildPhase section */
		59B641731FC84486002C0940 /* Frameworks */ = {
			isa = PBXFrameworksBuildPhase;
			buildActionMask = 2147483647;
			files = (
				B493067D34757F87039AE867 /* Pods_In50hrsProject.framework in Frameworks */,
			);
			runOnlyForDeploymentPostprocessing = 0;
		};
		59B6418A1FC84486002C0940 /* Frameworks */ = {
			isa = PBXFrameworksBuildPhase;
			buildActionMask = 2147483647;
			files = (
				E5D6B09A3EB7ECB5A994646F /* Pods_In50hrsProjectTests.framework in Frameworks */,
			);
			runOnlyForDeploymentPostprocessing = 0;
		};
/* End PBXFrameworksBuildPhase section */

/* Begin PBXGroup section */
		37BFFBFF9CEA1D7200119C7F /* Pods */ = {
			isa = PBXGroup;
			children = (
				138354968C8E8B08BED927B2 /* Pods-In50hrsProject.debug.xcconfig */,
				489CC0970DDD0C5AEF0ACF7E /* Pods-In50hrsProject.release.xcconfig */,
				5A23AC717A952CF6F1F95DEA /* Pods-In50hrsProjectTests.debug.xcconfig */,
				94E1DC4E32C9DEF456F73C03 /* Pods-In50hrsProjectTests.release.xcconfig */,
			);
			name = Pods;
			sourceTree = "<group>";
		};
		59B6416D1FC84486002C0940 = {
			isa = PBXGroup;
			children = (
				59B641781FC84486002C0940 /* In50hrsProject */,
				59B641901FC84486002C0940 /* In50hrsProjectTests */,
				59B641771FC84486002C0940 /* Products */,
				37BFFBFF9CEA1D7200119C7F /* Pods */,
				AE26BFAC31CCA21B28170188 /* Frameworks */,
			);
			sourceTree = "<group>";
		};
		59B641771FC84486002C0940 /* Products */ = {
			isa = PBXGroup;
			children = (
				59B641761FC84486002C0940 /* In50hrsProject.app */,
				59B6418D1FC84486002C0940 /* In50hrsProjectTests.xctest */,
			);
			name = Products;
			sourceTree = "<group>";
		};
		59B641781FC84486002C0940 /* In50hrsProject */ = {
			isa = PBXGroup;
			children = (
				59B641791FC84486002C0940 /* AppDelegate.swift */,
				59B6417B1FC84486002C0940 /* ViewController.swift */,
				59B6417D1FC84486002C0940 /* Main.storyboard */,
				59B641831FC84486002C0940 /* Assets.xcassets */,
				59B641851FC84486002C0940 /* LaunchScreen.storyboard */,
				59B641881FC84486002C0940 /* Info.plist */,
				59B641801FC84486002C0940 /* In50hrsProject.xcdatamodeld */,
				5930DB821FC86A97001CF78D /* LookingHotelsVc.swift */,
				5930DB861FC86B11001CF78D /* RoomsVC.swift */,
				5930DB881FC86B6D001CF78D /* CheckIn-OutVC.swift */,
				5930DB8A1FC870AD001CF78D /* RoomsTblVwCell.swift */,
				5930DB8C1FC88634001CF78D /* AddRoomTblVwCell.swift */,
				5930DB8E1FC8B518001CF78D /* RoomDetails.swift */,
				594D60141FC9DBCF00A13533 /* DestinationVC.swift */,
				59A504131FCD43200052FAC3 /* CustomImageCollectionCell.swift */,
				59A504191FCD8B3A0052FAC3 /* CustomLayOutCVL.swift */,
			);
			path = In50hrsProject;
			sourceTree = "<group>";
		};
		59B641901FC84486002C0940 /* In50hrsProjectTests */ = {
			isa = PBXGroup;
			children = (
				59B641911FC84486002C0940 /* In50hrsProjectTests.swift */,
				59B641931FC84486002C0940 /* Info.plist */,
			);
			path = In50hrsProjectTests;
			sourceTree = "<group>";
		};
		AE26BFAC31CCA21B28170188 /* Frameworks */ = {
			isa = PBXGroup;
			children = (
				0337E5F1FFC2B8AE95761D84 /* Pods_In50hrsProject.framework */,
				F278792391FF0791872DFF67 /* Pods_In50hrsProjectTests.framework */,
			);
			name = Frameworks;
			sourceTree = "<group>";
		};
/* End PBXGroup section */

/* Begin PBXNativeTarget section */
		59B641751FC84486002C0940 /* In50hrsProject */ = {
			isa = PBXNativeTarget;
			buildConfigurationList = 59B641961FC84486002C0940 /* Build configuration list for PBXNativeTarget "In50hrsProject" */;
			buildPhases = (
				BD04E2EC4148E5B09A9C4F07 /* [CP] Check Pods Manifest.lock */,
				59B641721FC84486002C0940 /* Sources */,
				59B641731FC84486002C0940 /* Frameworks */,
				59B641741FC84486002C0940 /* Resources */,
				15A50BE16E4587B191A0BE87 /* [CP] Embed Pods Frameworks */,
				838EE6B587357C1203121960 /* [CP] Copy Pods Resources */,
			);
			buildRules = (
			);
			dependencies = (
			);
			name = In50hrsProject;
			productName = In50hrsProject;
			productReference = 59B641761FC84486002C0940 /* In50hrsProject.app */;
			productType = "com.apple.product-type.application";
		};
		59B6418C1FC84486002C0940 /* In50hrsProjectTests */ = {
			isa = PBXNativeTarget;
			buildConfigurationList = 59B641991FC84486002C0940 /* Build configuration list for PBXNativeTarget "In50hrsProjectTests" */;
			buildPhases = (
				1DBB73098D0302DDF4C1AAB5 /* [CP] Check Pods Manifest.lock */,
				59B641891FC84486002C0940 /* Sources */,
				59B6418A1FC84486002C0940 /* Frameworks */,
				59B6418B1FC84486002C0940 /* Resources */,
				AB729309437E94E103B621DD /* [CP] Embed Pods Frameworks */,
				1378ACFB4708CEAF3813F1B3 /* [CP] Copy Pods Resources */,
			);
			buildRules = (
			);
			dependencies = (
				59B6418F1FC84486002C0940 /* PBXTargetDependency */,
			);
			name = In50hrsProjectTests;
			productName = In50hrsProjectTests;
			productReference = 59B6418D1FC84486002C0940 /* In50hrsProjectTests.xctest */;
			productType = "com.apple.product-type.bundle.unit-test";
		};
/* End PBXNativeTarget section */

/* Begin PBXProject section */
		59B6416E1FC84486002C0940 /* Project object */ = {
			isa = PBXProject;
			attributes = {
				LastSwiftUpdateCheck = 0910;
				LastUpgradeCheck = 0910;
				ORGANIZATIONNAME = "Rabeeh KP";
				TargetAttributes = {
					59B641751FC84486002C0940 = {
						CreatedOnToolsVersion = 9.1;
						ProvisioningStyle = Automatic;
					};
					59B6418C1FC84486002C0940 = {
						CreatedOnToolsVersion = 9.1;
						ProvisioningStyle = Automatic;
						TestTargetID = 59B641751FC84486002C0940;
					};
				};
			};
			buildConfigurationList = 59B641711FC84486002C0940 /* Build configuration list for PBXProject "In50hrsProject" */;
			compatibilityVersion = "Xcode 8.0";
			developmentRegion = en;
			hasScannedForEncodings = 0;
			knownRegions = (
				en,
				Base,
			);
			mainGroup = 59B6416D1FC84486002C0940;
			productRefGroup = 59B641771FC84486002C0940 /* Products */;
			projectDirPath = "";
			projectRoot = "";
			targets = (
				59B641751FC84486002C0940 /* In50hrsProject */,
				59B6418C1FC84486002C0940 /* In50hrsProjectTests */,
			);
		};
/* End PBXProject section */

/* Begin PBXResourcesBuildPhase section */
		59B641741FC84486002C0940 /* Resources */ = {
			isa = PBXResourcesBuildPhase;
			buildActionMask = 2147483647;
			files = (
				59B641871FC84486002C0940 /* LaunchScreen.storyboard in Resources */,
				59B641841FC84486002C0940 /* Assets.xcassets in Resources */,
				59B6417F1FC84486002C0940 /* Main.storyboard in Resources */,
			);
			runOnlyForDeploymentPostprocessing = 0;
		};
		59B6418B1FC84486002C0940 /* Resources */ = {
			isa = PBXResourcesBuildPhase;
			buildActionMask = 2147483647;
			files = (
			);
			runOnlyForDeploymentPostprocessing = 0;
		};
/* End PBXResourcesBuildPhase section */

/* Begin PBXShellScriptBuildPhase section */
		1378ACFB4708CEAF3813F1B3 /* [CP] Copy Pods Resources */ = {
			isa = PBXShellScriptBuildPhase;
			buildActionMask = 2147483647;
			files = (
			);
			inputPaths = (
			);
			name = "[CP] Copy Pods Resources";
			outputPaths = (
			);
			runOnlyForDeploymentPostprocessing = 0;
			shellPath = /bin/sh;
			shellScript = "\"${SRCROOT}/Pods/Target Support Files/Pods-In50hrsProjectTests/Pods-In50hrsProjectTests-resources.sh\"\n";
			showEnvVarsInLog = 0;
		};
		15A50BE16E4587B191A0BE87 /* [CP] Embed Pods Frameworks */ = {
			isa = PBXShellScriptBuildPhase;
			buildActionMask = 2147483647;
			files = (
			);
			inputPaths = (
				"${SRCROOT}/Pods/Target Support Files/Pods-In50hrsProject/Pods-In50hrsProject-frameworks.sh",
				"${BUILT_PRODUCTS_DIR}/FSCalendar/FSCalendar.framework",
			);
			name = "[CP] Embed Pods Frameworks";
			outputPaths = (
				"${TARGET_BUILD_DIR}/${FRAMEWORKS_FOLDER_PATH}/FSCalendar.framework",
			);
			runOnlyForDeploymentPostprocessing = 0;
			shellPath = /bin/sh;
			shellScript = "\"${SRCROOT}/Pods/Target Support Files/Pods-In50hrsProject/Pods-In50hrsProject-frameworks.sh\"\n";
			showEnvVarsInLog = 0;
		};
		1DBB73098D0302DDF4C1AAB5 /* [CP] Check Pods Manifest.lock */ = {
			isa = PBXShellScriptBuildPhase;
			buildActionMask = 2147483647;
			files = (
			);
			inputPaths = (
				"${PODS_PODFILE_DIR_PATH}/Podfile.lock",
				"${PODS_ROOT}/Manifest.lock",
			);
			name = "[CP] Check Pods Manifest.lock";
			outputPaths = (
				"$(DERIVED_FILE_DIR)/Pods-In50hrsProjectTests-checkManifestLockResult.txt",
			);
			runOnlyForDeploymentPostprocessing = 0;
			shellPath = /bin/sh;
			shellScript = "diff \"${PODS_PODFILE_DIR_PATH}/Podfile.lock\" \"${PODS_ROOT}/Manifest.lock\" > /dev/null\nif [ $? != 0 ] ; then\n    # print error to STDERR\n    echo \"error: The sandbox is not in sync with the Podfile.lock. Run 'pod install' or update your CocoaPods installation.\" >&2\n    exit 1\nfi\n# This output is used by Xcode 'outputs' to avoid re-running this script phase.\necho \"SUCCESS\" > \"${SCRIPT_OUTPUT_FILE_0}\"\n";
			showEnvVarsInLog = 0;
		};
		838EE6B587357C1203121960 /* [CP] Copy Pods Resources */ = {
			isa = PBXShellScriptBuildPhase;
			buildActionMask = 2147483647;
			files = (
			);
			inputPaths = (
			);
			name = "[CP] Copy Pods Resources";
			outputPaths = (
			);
			runOnlyForDeploymentPostprocessing = 0;
			shellPath = /bin/sh;
			shellScript = "\"${SRCROOT}/Pods/Target Support Files/Pods-In50hrsProject/Pods-In50hrsProject-resources.sh\"\n";
			showEnvVarsInLog = 0;
		};
		AB729309437E94E103B621DD /* [CP] Embed Pods Frameworks */ = {
			isa = PBXShellScriptBuildPhase;
			buildActionMask = 2147483647;
			files = (
			);
			inputPaths = (
			);
			name = "[CP] Embed Pods Frameworks";
			outputPaths = (
			);
			runOnlyForDeploymentPostprocessing = 0;
			shellPath = /bin/sh;
			shellScript = "\"${SRCROOT}/Pods/Target Support Files/Pods-In50hrsProjectTests/Pods-In50hrsProjectTests-frameworks.sh\"\n";
			showEnvVarsInLog = 0;
		};
		BD04E2EC4148E5B09A9C4F07 /* [CP] Check Pods Manifest.lock */ = {
			isa = PBXShellScriptBuildPhase;
			buildActionMask = 2147483647;
			files = (
			);
			inputPaths = (
				"${PODS_PODFILE_DIR_PATH}/Podfile.lock",
				"${PODS_ROOT}/Manifest.lock",
			);
			name = "[CP] Check Pods Manifest.lock";
			outputPaths = (
				"$(DERIVED_FILE_DIR)/Pods-In50hrsProject-checkManifestLockResult.txt",
			);
			runOnlyForDeploymentPostprocessing = 0;
			shellPath = /bin/sh;
			shellScript = "diff \"${PODS_PODFILE_DIR_PATH}/Podfile.lock\" \"${PODS_ROOT}/Manifest.lock\" > /dev/null\nif [ $? != 0 ] ; then\n    # print error to STDERR\n    echo \"error: The sandbox is not in sync with the Podfile.lock. Run 'pod install' or update your CocoaPods installation.\" >&2\n    exit 1\nfi\n# This output is used by Xcode 'outputs' to avoid re-running this script phase.\necho \"SUCCESS\" > \"${SCRIPT_OUTPUT_FILE_0}\"\n";
			showEnvVarsInLog = 0;
		};
/* End PBXShellScriptBuildPhase section */

/* Begin PBXSourcesBuildPhase section */
		59B641721FC84486002C0940 /* Sources */ = {
			isa = PBXSourcesBuildPhase;
			buildActionMask = 2147483647;
			files = (
				59B641821FC84486002C0940 /* In50hrsProject.xcdatamodeld in Sources */,
				5930DB871FC86B11001CF78D /* RoomsVC.swift in Sources */,
				59B6417C1FC84486002C0940 /* ViewController.swift in Sources */,
				594D60151FC9DBCF00A13533 /* DestinationVC.swift in Sources */,
				5930DB891FC86B6D001CF78D /* CheckIn-OutVC.swift in Sources */,
				59A5041A1FCD8B3A0052FAC3 /* CustomLayOutCVL.swift in Sources */,
				59B6417A1FC84486002C0940 /* AppDelegate.swift in Sources */,
				5930DB8F1FC8B518001CF78D /* RoomDetails.swift in Sources */,
				59A504141FCD43200052FAC3 /* CustomImageCollectionCell.swift in Sources */,
				5930DB8B1FC870AD001CF78D /* RoomsTblVwCell.swift in Sources */,
				5930DB8D1FC88634001CF78D /* AddRoomTblVwCell.swift in Sources */,
				5930DB831FC86A97001CF78D /* LookingHotelsVc.swift in Sources */,
			);
			runOnlyForDeploymentPostprocessing = 0;
		};
		59B641891FC84486002C0940 /* Sources */ = {
			isa = PBXSourcesBuildPhase;
			buildActionMask = 2147483647;
			files = (
				59B641921FC84486002C0940 /* In50hrsProjectTests.swift in Sources */,
			);
			runOnlyForDeploymentPostprocessing = 0;
		};
/* End PBXSourcesBuildPhase section */

/* Begin PBXTargetDependency section */
		59B6418F1FC84486002C0940 /* PBXTargetDependency */ = {
			isa = PBXTargetDependency;
			target = 59B641751FC84486002C0940 /* In50hrsProject */;
			targetProxy = 59B6418E1FC84486002C0940 /* PBXContainerItemProxy */;
		};
/* End PBXTargetDependency section */

/* Begin PBXVariantGroup section */
		59B6417D1FC84486002C0940 /* Main.storyboard */ = {
			isa = PBXVariantGroup;
			children = (
				59B6417E1FC84486002C0940 /* Base */,
			);
			name = Main.storyboard;
			sourceTree = "<group>";
		};
		59B641851FC84486002C0940 /* LaunchScreen.storyboard */ = {
			isa = PBXVariantGroup;
			children = (
				59B641861FC84486002C0940 /* Base */,
			);
			name = LaunchScreen.storyboard;
			sourceTree = "<group>";
		};
/* End PBXVariantGroup section */

/* Begin XCBuildConfiguration section */
		59B641941FC84486002C0940 /* Debug */ = {
			isa = XCBuildConfiguration;
			buildSettings = {
				ALWAYS_SEARCH_USER_PATHS = NO;
				CLANG_ANALYZER_NONNULL = YES;
				CLANG_ANALYZER_NUMBER_OBJECT_CONVERSION = YES_AGGRESSIVE;
				CLANG_CXX_LANGUAGE_STANDARD = "gnu++14";
				CLANG_CXX_LIBRARY = "libc++";
				CLANG_ENABLE_MODULES = YES;
				CLANG_ENABLE_OBJC_ARC = YES;
				CLANG_WARN_BLOCK_CAPTURE_AUTORELEASING = YES;
				CLANG_WARN_BOOL_CONVERSION = YES;
				CLANG_WARN_COMMA = YES;
				CLANG_WARN_CONSTANT_CONVERSION = YES;
				CLANG_WARN_DIRECT_OBJC_ISA_USAGE = YES_ERROR;
				CLANG_WARN_DOCUMENTATION_COMMENTS = YES;
				CLANG_WARN_EMPTY_BODY = YES;
				CLANG_WARN_ENUM_CONVERSION = YES;
				CLANG_WARN_INFINITE_RECURSION = YES;
				CLANG_WARN_INT_CONVERSION = YES;
				CLANG_WARN_NON_LITERAL_NULL_CONVERSION = YES;
				CLANG_WARN_OBJC_LITERAL_CONVERSION = YES;
				CLANG_WARN_OBJC_ROOT_CLASS = YES_ERROR;
				CLANG_WARN_RANGE_LOOP_ANALYSIS = YES;
				CLANG_WARN_STRICT_PROTOTYPES = YES;
				CLANG_WARN_SUSPICIOUS_MOVE = YES;
				CLANG_WARN_UNGUARDED_AVAILABILITY = YES_AGGRESSIVE;
				CLANG_WARN_UNREACHABLE_CODE = YES;
				CLANG_WARN__DUPLICATE_METHOD_MATCH = YES;
				CODE_SIGN_IDENTITY = "iPhone Developer";
				COPY_PHASE_STRIP = NO;
				DEBUG_INFORMATION_FORMAT = dwarf;
				ENABLE_STRICT_OBJC_MSGSEND = YES;
				ENABLE_TESTABILITY = YES;
				GCC_C_LANGUAGE_STANDARD = gnu11;
				GCC_DYNAMIC_NO_PIC = NO;
				GCC_NO_COMMON_BLOCKS = YES;
				GCC_OPTIMIZATION_LEVEL = 0;
				GCC_PREPROCESSOR_DEFINITIONS = (
					"DEBUG=1",
					"$(inherited)",
				);
				GCC_WARN_64_TO_32_BIT_CONVERSION = YES;
				GCC_WARN_ABOUT_RETURN_TYPE = YES_ERROR;
				GCC_WARN_UNDECLARED_SELECTOR = YES;
				GCC_WARN_UNINITIALIZED_AUTOS = YES_AGGRESSIVE;
				GCC_WARN_UNUSED_FUNCTION = YES;
				GCC_WARN_UNUSED_VARIABLE = YES;
				IPHONEOS_DEPLOYMENT_TARGET = 11.1;
				MTL_ENABLE_DEBUG_INFO = YES;
				ONLY_ACTIVE_ARCH = YES;
				SDKROOT = iphoneos;
				SWIFT_ACTIVE_COMPILATION_CONDITIONS = DEBUG;
				SWIFT_OPTIMIZATION_LEVEL = "-Onone";
			};
			name = Debug;
		};
		59B641951FC84486002C0940 /* Release */ = {
			isa = XCBuildConfiguration;
			buildSettings = {
				ALWAYS_SEARCH_USER_PATHS = NO;
				CLANG_ANALYZER_NONNULL = YES;
				CLANG_ANALYZER_NUMBER_OBJECT_CONVERSION = YES_AGGRESSIVE;
				CLANG_CXX_LANGUAGE_STANDARD = "gnu++14";
				CLANG_CXX_LIBRARY = "libc++";
				CLANG_ENABLE_MODULES = YES;
				CLANG_ENABLE_OBJC_ARC = YES;
				CLANG_WARN_BLOCK_CAPTURE_AUTORELEASING = YES;
				CLANG_WARN_BOOL_CONVERSION = YES;
				CLANG_WARN_COMMA = YES;
				CLANG_WARN_CONSTANT_CONVERSION = YES;
				CLANG_WARN_DIRECT_OBJC_ISA_USAGE = YES_ERROR;
				CLANG_WARN_DOCUMENTATION_COMMENTS = YES;
				CLANG_WARN_EMPTY_BODY = YES;
				CLANG_WARN_ENUM_CONVERSION = YES;
				CLANG_WARN_INFINITE_RECURSION = YES;
				CLANG_WARN_INT_CONVERSION = YES;
				CLANG_WARN_NON_LITERAL_NULL_CONVERSION = YES;
				CLANG_WARN_OBJC_LITERAL_CONVERSION = YES;
				CLANG_WARN_OBJC_ROOT_CLASS = YES_ERROR;
				CLANG_WARN_RANGE_LOOP_ANALYSIS = YES;
				CLANG_WARN_STRICT_PROTOTYPES = YES;
				CLANG_WARN_SUSPICIOUS_MOVE = YES;
				CLANG_WARN_UNGUARDED_AVAILABILITY = YES_AGGRESSIVE;
				CLANG_WARN_UNREACHABLE_CODE = YES;
				CLANG_WARN__DUPLICATE_METHOD_MATCH = YES;
				CODE_SIGN_IDENTITY = "iPhone Developer";
				COPY_PHASE_STRIP = NO;
				DEBUG_INFORMATION_FORMAT = "dwarf-with-dsym";
				ENABLE_NS_ASSERTIONS = NO;
				ENABLE_STRICT_OBJC_MSGSEND = YES;
				GCC_C_LANGUAGE_STANDARD = gnu11;
				GCC_NO_COMMON_BLOCKS = YES;
				GCC_WARN_64_TO_32_BIT_CONVERSION = YES;
				GCC_WARN_ABOUT_RETURN_TYPE = YES_ERROR;
				GCC_WARN_UNDECLARED_SELECTOR = YES;
				GCC_WARN_UNINITIALIZED_AUTOS = YES_AGGRESSIVE;
				GCC_WARN_UNUSED_FUNCTION = YES;
				GCC_WARN_UNUSED_VARIABLE = YES;
				IPHONEOS_DEPLOYMENT_TARGET = 11.1;
				MTL_ENABLE_DEBUG_INFO = NO;
				SDKROOT = iphoneos;
				SWIFT_OPTIMIZATION_LEVEL = "-Owholemodule";
				VALIDATE_PRODUCT = YES;
			};
			name = Release;
		};
		59B641971FC84486002C0940 /* Debug */ = {
			isa = XCBuildConfiguration;
			baseConfigurationReference = 138354968C8E8B08BED927B2 /* Pods-In50hrsProject.debug.xcconfig */;
			buildSettings = {
				ASSETCATALOG_COMPILER_APPICON_NAME = AppIcon;
				CODE_SIGN_STYLE = Automatic;
				INFOPLIST_FILE = In50hrsProject/Info.plist;
				LD_RUNPATH_SEARCH_PATHS = "$(inherited) @executable_path/Frameworks";
				PRODUCT_BUNDLE_IDENTIFIER = "com.-In50hrsProject.In50hrsProject";
				PRODUCT_NAME = "$(TARGET_NAME)";
				SWIFT_VERSION = 4.0;
				TARGETED_DEVICE_FAMILY = "1,2";
			};
			name = Debug;
		};
		59B641981FC84486002C0940 /* Release */ = {
			isa = XCBuildConfiguration;
			baseConfigurationReference = 489CC0970DDD0C5AEF0ACF7E /* Pods-In50hrsProject.release.xcconfig */;
			buildSettings = {
				ASSETCATALOG_COMPILER_APPICON_NAME = AppIcon;
				CODE_SIGN_STYLE = Automatic;
				INFOPLIST_FILE = In50hrsProject/Info.plist;
				LD_RUNPATH_SEARCH_PATHS = "$(inherited) @executable_path/Frameworks";
				PRODUCT_BUNDLE_IDENTIFIER = "com.-In50hrsProject.In50hrsProject";
				PRODUCT_NAME = "$(TARGET_NAME)";
				SWIFT_VERSION = 4.0;
				TARGETED_DEVICE_FAMILY = "1,2";
			};
			name = Release;
		};
		59B6419A1FC84486002C0940 /* Debug */ = {
			isa = XCBuildConfiguration;
			baseConfigurationReference = 5A23AC717A952CF6F1F95DEA /* Pods-In50hrsProjectTests.debug.xcconfig */;
			buildSettings = {
				ALWAYS_EMBED_SWIFT_STANDARD_LIBRARIES = YES;
				BUNDLE_LOADER = "$(TEST_HOST)";
				CODE_SIGN_STYLE = Automatic;
				INFOPLIST_FILE = In50hrsProjectTests/Info.plist;
				LD_RUNPATH_SEARCH_PATHS = "$(inherited) @executable_path/Frameworks @loader_path/Frameworks";
				PRODUCT_BUNDLE_IDENTIFIER = "com.-In50hrsProject.In50hrsProjectTests";
				PRODUCT_NAME = "$(TARGET_NAME)";
				SWIFT_VERSION = 4.0;
				TARGETED_DEVICE_FAMILY = "1,2";
				TEST_HOST = "$(BUILT_PRODUCTS_DIR)/In50hrsProject.app/In50hrsProject";
			};
			name = Debug;
		};
		59B6419B1FC84486002C0940 /* Release */ = {
			isa = XCBuildConfiguration;
			baseConfigurationReference = 94E1DC4E32C9DEF456F73C03 /* Pods-In50hrsProjectTests.release.xcconfig */;
			buildSettings = {
				ALWAYS_EMBED_SWIFT_STANDARD_LIBRARIES = YES;
				BUNDLE_LOADER = "$(TEST_HOST)";
				CODE_SIGN_STYLE = Automatic;
				INFOPLIST_FILE = In50hrsProjectTests/Info.plist;
				LD_RUNPATH_SEARCH_PATHS = "$(inherited) @executable_path/Frameworks @loader_path/Frameworks";
				PRODUCT_BUNDLE_IDENTIFIER = "com.-In50hrsProject.In50hrsProjectTests";
				PRODUCT_NAME = "$(TARGET_NAME)";
				SWIFT_VERSION = 4.0;
				TARGETED_DEVICE_FAMILY = "1,2";
				TEST_HOST = "$(BUILT_PRODUCTS_DIR)/In50hrsProject.app/In50hrsProject";
			};
			name = Release;
		};
/* End XCBuildConfiguration section */

/* Begin XCConfigurationList section */
		59B641711FC84486002C0940 /* Build configuration list for PBXProject "In50hrsProject" */ = {
			isa = XCConfigurationList;
			buildConfigurations = (
				59B641941FC84486002C0940 /* Debug */,
				59B641951FC84486002C0940 /* Release */,
			);
			defaultConfigurationIsVisible = 0;
			defaultConfigurationName = Release;
		};
		59B641961FC84486002C0940 /* Build configuration list for PBXNativeTarget "In50hrsProject" */ = {
			isa = XCConfigurationList;
			buildConfigurations = (
				59B641971FC84486002C0940 /* Debug */,
				59B641981FC84486002C0940 /* Release */,
			);
			defaultConfigurationIsVisible = 0;
			defaultConfigurationName = Release;
		};
		59B641991FC84486002C0940 /* Build configuration list for PBXNativeTarget "In50hrsProjectTests" */ = {
			isa = XCConfigurationList;
			buildConfigurations = (
				59B6419A1FC84486002C0940 /* Debug */,
				59B6419B1FC84486002C0940 /* Release */,
			);
			defaultConfigurationIsVisible = 0;
			defaultConfigurationName = Release;
		};
/* End XCConfigurationList section */

/* Begin XCVersionGroup section */
		59B641801FC84486002C0940 /* In50hrsProject.xcdatamodeld */ = {
			isa = XCVersionGroup;
			children = (
				59B641811FC84486002C0940 /* In50hrsProject.xcdatamodel */,
			);
			currentVersion = 59B641811FC84486002C0940 /* In50hrsProject.xcdatamodel */;
			path = In50hrsProject.xcdatamodeld;
			sourceTree = "<group>";
			versionGroupType = wrapper.xcdatamodel;
		};
/* End XCVersionGroup section */
	};
	rootObject = 59B6416E1FC84486002C0940 /* Project object */;
}
